
Microsoft Visual Studio Solution File, Format Version 12.00
# Visual Studio Version 16
VisualStudioVersion = 16.0.30204.135
MinimumVisualStudioVersion = 10.0.40219.1
Project("{9A19103F-16F7-4668-BE54-9A1E7A4F7556}") = "EFGetStarted", "EFGetStarted.csproj", "{8FEBE279-B7A0-4117-BD7C-BDE6F18FDFDD}"
EndProject
Global
	GlobalSection(SolutionConfigurationPlatforms) = preSolution
		Debug|Any CPU = Debug|Any CPU
		Release|Any CPU = Release|Any CPU
	EndGlobalSection
	GlobalSection(ProjectConfigurationPlatforms) = postSolution
		{8FEBE279-B7A0-4117-BD7C-BDE6F18FDFDD}.Debug|Any CPU.ActiveCfg = Debug|Any CPU
		{8FEBE279-B7A0-4117-BD7C-BDE6F18FDFDD}.Debug|Any CPU.Build.0 = Debug|Any CPU
		{8FEBE279-B7A0-4117-BD7C-BDE6F18FDFDD}.Release|Any CPU.ActiveCfg = Release|Any CPU
		{8FEBE279-B7A0-4117-BD7C-BDE6F18FDFDD}.Release|Any CPU.Build.0 = Release|Any CPU
	EndGlobalSection
	GlobalSection(SolutionProperties) = preSolution
		HideSolutionNode = FALSE
	EndGlobalSection
	GlobalSection(ExtensibilityGlobals) = postSolution
		SolutionGuid = {F184EA5A-9282-4A38-A781-7BFFDC620362}
	EndGlobalSection
EndGlobal
